
Microsoft Visual Studio Solution File, Format Version 12.00
# Visual Studio 14
VisualStudioVersion = 14.0.25420.1
MinimumVisualStudioVersion = 10.0.40219.1
Project("{FAE04EC0-301F-11D3-BF4B-00C04F79EFBC}") = "Validate1", "Validate1\Validate1.csproj", "{D53C6D78-B8BB-42C3-88AE-4A51C0CA054E}"
EndProject
Project("{FAE04EC0-301F-11D3-BF4B-00C04F79EFBC}") = "SelfHosting", "SelfHosting\SelfHosting.csproj", "{D83CF363-950A-4152-97A5-0DD2504DF138}"
EndProject
Project("{FAE04EC0-301F-11D3-BF4B-00C04F79EFBC}") = "Client", "Client\Client.csproj", "{152E8621-6CD9-4497-BE86-CFFB5C6651E6}"
EndProject
Global
	GlobalSection(SolutionConfigurationPlatforms) = preSolution
		Debug|Any CPU = Debug|Any CPU
		Release|Any CPU = Release|Any CPU
	EndGlobalSection
	GlobalSection(ProjectConfigurationPlatforms) = postSolution
		{D53C6D78-B8BB-42C3-88AE-4A51C0CA054E}.Debug|Any CPU.ActiveCfg = Debug|Any CPU
		{D53C6D78-B8BB-42C3-88AE-4A51C0CA054E}.Debug|Any CPU.Build.0 = Debug|Any CPU
		{D53C6D78-B8BB-42C3-88AE-4A51C0CA054E}.Release|Any CPU.ActiveCfg = Release|Any CPU
		{D53C6D78-B8BB-42C3-88AE-4A51C0CA054E}.Release|Any CPU.Build.0 = Release|Any CPU
		{D83CF363-950A-4152-97A5-0DD2504DF138}.Debug|Any CPU.ActiveCfg = Debug|Any CPU
		{D83CF363-950A-4152-97A5-0DD2504DF138}.Debug|Any CPU.Build.0 = Debug|Any CPU
		{D83CF363-950A-4152-97A5-0DD2504DF138}.Release|Any CPU.ActiveCfg = Release|Any CPU
		{D83CF363-950A-4152-97A5-0DD2504DF138}.Release|Any CPU.Build.0 = Release|Any CPU
		{152E8621-6CD9-4497-BE86-CFFB5C6651E6}.Debug|Any CPU.ActiveCfg = Debug|Any CPU
		{152E8621-6CD9-4497-BE86-CFFB5C6651E6}.Debug|Any CPU.Build.0 = Debug|Any CPU
		{152E8621-6CD9-4497-BE86-CFFB5C6651E6}.Release|Any CPU.ActiveCfg = Release|Any CPU
		{152E8621-6CD9-4497-BE86-CFFB5C6651E6}.Release|Any CPU.Build.0 = Release|Any CPU
	EndGlobalSection
	GlobalSection(SolutionProperties) = preSolution
		HideSolutionNode = FALSE
	EndGlobalSection
EndGlobal
